# This file is autogenerated, do not edit; changes may be undone by the next 'dep ensure'.


[[projects]]
  branch = "master"
  name = "github.com/kr/beanstalk"
  packages = ["."]
  revision = "e99e1a384e4ace0401329ea37f702a2904990f91"

[solve-meta]
  analyzer-name = "dep"
  analyzer-version = 1
  inputs-digest = "c1b99fd392cd9093ea60fef5ad138fbf1a05400c17f068038a1e0761dbe393ea"
  solver-name = "gps-cdcl"
  solver-version = 1
